
Microsoft Visual Studio Solution File, Format Version 12.00
# Visual Studio 15
VisualStudioVersion = 15.0.28307.489
MinimumVisualStudioVersion = 10.0.40219.1
Project("{FAE04EC0-301F-11D3-BF4B-00C04F79EFBC}") = "BankAppDB", "BankAppDB\BankAppDB.csproj", "{8D19BA1A-6713-4005-A8D3-90537B07A0FA}"
EndProject
Global
	GlobalSection(SolutionConfigurationPlatforms) = preSolution
		Debug|Any CPU = Debug|Any CPU
		Release|Any CPU = Release|Any CPU
	EndGlobalSection
	GlobalSection(ProjectConfigurationPlatforms) = postSolution
		{8D19BA1A-6713-4005-A8D3-90537B07A0FA}.Debug|Any CPU.ActiveCfg = Debug|Any CPU
		{8D19BA1A-6713-4005-A8D3-90537B07A0FA}.Debug|Any CPU.Build.0 = Debug|Any CPU
		{8D19BA1A-6713-4005-A8D3-90537B07A0FA}.Release|Any CPU.ActiveCfg = Release|Any CPU
		{8D19BA1A-6713-4005-A8D3-90537B07A0FA}.Release|Any CPU.Build.0 = Release|Any CPU
	EndGlobalSection
	GlobalSection(SolutionProperties) = preSolution
		HideSolutionNode = FALSE
	EndGlobalSection
	GlobalSection(ExtensibilityGlobals) = postSolution
		SolutionGuid = {D124F5E1-42BE-4F10-9DDB-CE5F7CC8E8C2}
	EndGlobalSection
EndGlobal
