
Microsoft Visual Studio Solution File, Format Version 12.00
# Visual Studio 15
VisualStudioVersion = 15.0.28307.489
MinimumVisualStudioVersion = 10.0.40219.1
Project("{159641D6-6404-4A2A-AE62-294DE0FE8301}") = "AdventureWorksDWtask", "AdventureWorksDWtask\AdventureWorksDWtask.dtproj", "{8CBA2AD8-27F7-49DE-AD86-DFDA556B4CDB}"
EndProject
Global
	GlobalSection(SolutionConfigurationPlatforms) = preSolution
		Development|Default = Development|Default
	EndGlobalSection
	GlobalSection(ProjectConfigurationPlatforms) = postSolution
		{8CBA2AD8-27F7-49DE-AD86-DFDA556B4CDB}.Development|Default.ActiveCfg = Development
		{8CBA2AD8-27F7-49DE-AD86-DFDA556B4CDB}.Development|Default.Build.0 = Development
	EndGlobalSection
	GlobalSection(SolutionProperties) = preSolution
		HideSolutionNode = FALSE
	EndGlobalSection
	GlobalSection(ExtensibilityGlobals) = postSolution
		SolutionGuid = {3A84ED51-A023-4924-8985-A4E3C9BC0315}
	EndGlobalSection
EndGlobal
